
Microsoft Visual Studio Solution File, Format Version 12.00
# Visual Studio Version 16
VisualStudioVersion = 16.0.31025.194
MinimumVisualStudioVersion = 10.0.40219.1
Project("{FAE04EC0-301F-11D3-BF4B-00C04F79EFBC}") = "CalculationNumericalSeries", "CalculationNumericalSeries.csproj", "{DF736AEF-FFE0-4EFE-975E-50456E67855A}"
EndProject
Project("{FAE04EC0-301F-11D3-BF4B-00C04F79EFBC}") = "NumericalSeries", "NumericalSeries\NumericalSeries.csproj", "{3111EF77-9CE7-4E57-AB4D-E07B0DC777FC}"
EndProject
Global
	GlobalSection(SolutionConfigurationPlatforms) = preSolution
		Debug|Any CPU = Debug|Any CPU
		Release|Any CPU = Release|Any CPU
	EndGlobalSection
	GlobalSection(ProjectConfigurationPlatforms) = postSolution
		{DF736AEF-FFE0-4EFE-975E-50456E67855A}.Debug|Any CPU.ActiveCfg = Debug|Any CPU
		{DF736AEF-FFE0-4EFE-975E-50456E67855A}.Debug|Any CPU.Build.0 = Debug|Any CPU
		{DF736AEF-FFE0-4EFE-975E-50456E67855A}.Release|Any CPU.ActiveCfg = Release|Any CPU
		{DF736AEF-FFE0-4EFE-975E-50456E67855A}.Release|Any CPU.Build.0 = Release|Any CPU
		{3111EF77-9CE7-4E57-AB4D-E07B0DC777FC}.Debug|Any CPU.ActiveCfg = Debug|Any CPU
		{3111EF77-9CE7-4E57-AB4D-E07B0DC777FC}.Debug|Any CPU.Build.0 = Debug|Any CPU
		{3111EF77-9CE7-4E57-AB4D-E07B0DC777FC}.Release|Any CPU.ActiveCfg = Release|Any CPU
		{3111EF77-9CE7-4E57-AB4D-E07B0DC777FC}.Release|Any CPU.Build.0 = Release|Any CPU
	EndGlobalSection
	GlobalSection(SolutionProperties) = preSolution
		HideSolutionNode = FALSE
	EndGlobalSection
	GlobalSection(ExtensibilityGlobals) = postSolution
		SolutionGuid = {13C7F8D6-34BB-47CB-9661-2853F01EB53B}
	EndGlobalSection
EndGlobal
